
Microsoft Visual Studio Solution File, Format Version 12.00
# Visual Studio Version 17
VisualStudioVersion = 17.9.34622.214
MinimumVisualStudioVersion = 10.0.40219.1
Project("{FAE04EC0-301F-11D3-BF4B-00C04F79EFBC}") = "hdelegates", "hdelegates\hdelegates.csproj", "{492275C4-231D-4715-9B82-956E6381FD83}"
EndProject
Global
	GlobalSection(SolutionConfigurationPlatforms) = preSolution
		Debug|Any CPU = Debug|Any CPU
		Release|Any CPU = Release|Any CPU
	EndGlobalSection
	GlobalSection(ProjectConfigurationPlatforms) = postSolution
		{492275C4-231D-4715-9B82-956E6381FD83}.Debug|Any CPU.ActiveCfg = Debug|Any CPU
		{492275C4-231D-4715-9B82-956E6381FD83}.Debug|Any CPU.Build.0 = Debug|Any CPU
		{492275C4-231D-4715-9B82-956E6381FD83}.Release|Any CPU.ActiveCfg = Release|Any CPU
		{492275C4-231D-4715-9B82-956E6381FD83}.Release|Any CPU.Build.0 = Release|Any CPU
	EndGlobalSection
	GlobalSection(SolutionProperties) = preSolution
		HideSolutionNode = FALSE
	EndGlobalSection
	GlobalSection(ExtensibilityGlobals) = postSolution
		SolutionGuid = {E73C18DF-F277-4C07-80DF-7641D87C5B64}
	EndGlobalSection
EndGlobal
